
Microsoft Visual Studio Solution File, Format Version 12.00
# Visual Studio 14
VisualStudioVersion = 14.0.25420.1
MinimumVisualStudioVersion = 10.0.40219.1
Project("{FAE04EC0-301F-11D3-BF4B-00C04F79EFBC}") = "time_tracker", "time_tracker\time_tracker\time_tracker.csproj", "{3EF7EA6D-6A76-4F97-A90C-230D9E75232D}"
EndProject
Project("{FAE04EC0-301F-11D3-BF4B-00C04F79EFBC}") = "time_tracker.Droid", "time_tracker\time_tracker.Droid\time_tracker.Droid.csproj", "{E8DC9498-CA6F-49FC-B9AF-F334CFA436CE}"
EndProject
Project("{FAE04EC0-301F-11D3-BF4B-00C04F79EFBC}") = "time_tracker.iOS", "time_tracker\time_tracker.iOS\time_tracker.iOS.csproj", "{56AB1796-9F75-48F7-A2A0-685C03943FB4}"
EndProject
Project("{FAE04EC0-301F-11D3-BF4B-00C04F79EFBC}") = "time_tracker.WinPhone", "time_tracker\time_tracker.WinPhone\time_tracker.WinPhone.csproj", "{5ED339E4-7473-42A1-A503-9BB826B63165}"
EndProject
Project("{FAE04EC0-301F-11D3-BF4B-00C04F79EFBC}") = "time_tracker.UWP", "time_tracker\time_tracker.UWP\time_tracker.UWP.csproj", "{DE98D615-C328-4AB2-BFF3-B41AC8FFDEF3}"
EndProject
Project("{FAE04EC0-301F-11D3-BF4B-00C04F79EFBC}") = "time_tracker.Windows", "time_tracker\time_tracker.Windows\time_tracker.Windows.csproj", "{89FAB3A5-5007-4081-9166-6020AAE631D1}"
EndProject
Global
	GlobalSection(SolutionConfigurationPlatforms) = preSolution
		Ad-Hoc|Any CPU = Ad-Hoc|Any CPU
		Ad-Hoc|ARM = Ad-Hoc|ARM
		Ad-Hoc|iPhone = Ad-Hoc|iPhone
		Ad-Hoc|iPhoneSimulator = Ad-Hoc|iPhoneSimulator
		Ad-Hoc|x64 = Ad-Hoc|x64
		Ad-Hoc|x86 = Ad-Hoc|x86
		AppStore|Any CPU = AppStore|Any CPU
		AppStore|ARM = AppStore|ARM
		AppStore|iPhone = AppStore|iPhone
		AppStore|iPhoneSimulator = AppStore|iPhoneSimulator
		AppStore|x64 = AppStore|x64
		AppStore|x86 = AppStore|x86
		Debug|Any CPU = Debug|Any CPU
		Debug|ARM = Debug|ARM
		Debug|iPhone = Debug|iPhone
		Debug|iPhoneSimulator = Debug|iPhoneSimulator
		Debug|x64 = Debug|x64
		Debug|x86 = Debug|x86
		Release|Any CPU = Release|Any CPU
		Release|ARM = Release|ARM
		Release|iPhone = Release|iPhone
		Release|iPhoneSimulator = Release|iPhoneSimulator
		Release|x64 = Release|x64
		Release|x86 = Release|x86
	EndGlobalSection
	GlobalSection(ProjectConfigurationPlatforms) = postSolution
		{3EF7EA6D-6A76-4F97-A90C-230D9E75232D}.Ad-Hoc|Any CPU.ActiveCfg = Release|Any CPU
		{3EF7EA6D-6A76-4F97-A90C-230D9E75232D}.Ad-Hoc|Any CPU.Build.0 = Release|Any CPU
		{3EF7EA6D-6A76-4F97-A90C-230D9E75232D}.Ad-Hoc|ARM.ActiveCfg = Release|Any CPU
		{3EF7EA6D-6A76-4F97-A90C-230D9E75232D}.Ad-Hoc|ARM.Build.0 = Release|Any CPU
		{3EF7EA6D-6A76-4F97-A90C-230D9E75232D}.Ad-Hoc|iPhone.ActiveCfg = Release|Any CPU
		{3EF7EA6D-6A76-4F97-A90C-230D9E75232D}.Ad-Hoc|iPhone.Build.0 = Release|Any CPU
		{3EF7EA6D-6A76-4F97-A90C-230D9E75232D}.Ad-Hoc|iPhoneSimulator.ActiveCfg = Release|Any CPU
		{3EF7EA6D-6A76-4F97-A90C-230D9E75232D}.Ad-Hoc|iPhoneSimulator.Build.0 = Release|Any CPU
		{3EF7EA6D-6A76-4F97-A90C-230D9E75232D}.Ad-Hoc|x64.ActiveCfg = Release|Any CPU
		{3EF7EA6D-6A76-4F97-A90C-230D9E75232D}.Ad-Hoc|x64.Build.0 = Release|Any CPU
		{3EF7EA6D-6A76-4F97-A90C-230D9E75232D}.Ad-Hoc|x86.ActiveCfg = Release|Any CPU
		{3EF7EA6D-6A76-4F97-A90C-230D9E75232D}.Ad-Hoc|x86.Build.0 = Release|Any CPU
		{3EF7EA6D-6A76-4F97-A90C-230D9E75232D}.AppStore|Any CPU.ActiveCfg = Release|Any CPU
		{3EF7EA6D-6A76-4F97-A90C-230D9E75232D}.AppStore|Any CPU.Build.0 = Release|Any CPU
		{3EF7EA6D-6A76-4F97-A90C-230D9E75232D}.AppStore|ARM.ActiveCfg = Release|Any CPU
		{3EF7EA6D-6A76-4F97-A90C-230D9E75232D}.AppStore|ARM.Build.0 = Release|Any CPU
		{3EF7EA6D-6A76-4F97-A90C-230D9E75232D}.AppStore|iPhone.ActiveCfg = Release|Any CPU
		{3EF7EA6D-6A76-4F97-A90C-230D9E75232D}.AppStore|iPhone.Build.0 = Release|Any CPU
		{3EF7EA6D-6A76-4F97-A90C-230D9E75232D}.AppStore|iPhoneSimulator.ActiveCfg = Release|Any CPU
		{3EF7EA6D-6A76-4F97-A90C-230D9E75232D}.AppStore|iPhoneSimulator.Build.0 = Release|Any CPU
		{3EF7EA6D-6A76-4F97-A90C-230D9E75232D}.AppStore|x64.ActiveCfg = Release|Any CPU
		{3EF7EA6D-6A76-4F97-A90C-230D9E75232D}.AppStore|x64.Build.0 = Release|Any CPU
		{3EF7EA6D-6A76-4F97-A90C-230D9E75232D}.AppStore|x86.ActiveCfg = Release|Any CPU
		{3EF7EA6D-6A76-4F97-A90C-230D9E75232D}.AppStore|x86.Build.0 = Release|Any CPU
		{3EF7EA6D-6A76-4F97-A90C-230D9E75232D}.Debug|Any CPU.ActiveCfg = Debug|Any CPU
		{3EF7EA6D-6A76-4F97-A90C-230D9E75232D}.Debug|Any CPU.Build.0 = Debug|Any CPU
		{3EF7EA6D-6A76-4F97-A90C-230D9E75232D}.Debug|ARM.ActiveCfg = Debug|Any CPU
		{3EF7EA6D-6A76-4F97-A90C-230D9E75232D}.Debug|ARM.Build.0 = Debug|Any CPU
		{3EF7EA6D-6A76-4F97-A90C-230D9E75232D}.Debug|iPhone.ActiveCfg = Debug|Any CPU
		{3EF7EA6D-6A76-4F97-A90C-230D9E75232D}.Debug|iPhone.Build.0 = Debug|Any CPU
		{3EF7EA6D-6A76-4F97-A90C-230D9E75232D}.Debug|iPhoneSimulator.ActiveCfg = Debug|Any CPU
		{3EF7EA6D-6A76-4F97-A90C-230D9E75232D}.Debug|iPhoneSimulator.Build.0 = Debug|Any CPU
		{3EF7EA6D-6A76-4F97-A90C-230D9E75232D}.Debug|x64.ActiveCfg = Debug|Any CPU
		{3EF7EA6D-6A76-4F97-A90C-230D9E75232D}.Debug|x64.Build.0 = Debug|Any CPU
		{3EF7EA6D-6A76-4F97-A90C-230D9E75232D}.Debug|x86.ActiveCfg = Debug|Any CPU
		{3EF7EA6D-6A76-4F97-A90C-230D9E75232D}.Debug|x86.Build.0 = Debug|Any CPU
		{3EF7EA6D-6A76-4F97-A90C-230D9E75232D}.Release|Any CPU.ActiveCfg = Release|Any CPU
		{3EF7EA6D-6A76-4F97-A90C-230D9E75232D}.Release|Any CPU.Build.0 = Release|Any CPU
		{3EF7EA6D-6A76-4F97-A90C-230D9E75232D}.Release|ARM.ActiveCfg = Release|Any CPU
		{3EF7EA6D-6A76-4F97-A90C-230D9E75232D}.Release|ARM.Build.0 = Release|Any CPU
		{3EF7EA6D-6A76-4F97-A90C-230D9E75232D}.Release|iPhone.ActiveCfg = Release|Any CPU
		{3EF7EA6D-6A76-4F97-A90C-230D9E75232D}.Release|iPhone.Build.0 = Release|Any CPU
		{3EF7EA6D-6A76-4F97-A90C-230D9E75232D}.Release|iPhoneSimulator.ActiveCfg = Release|Any CPU
		{3EF7EA6D-6A76-4F97-A90C-230D9E75232D}.Release|iPhoneSimulator.Build.0 = Release|Any CPU
		{3EF7EA6D-6A76-4F97-A90C-230D9E75232D}.Release|x64.ActiveCfg = Release|Any CPU
		{3EF7EA6D-6A76-4F97-A90C-230D9E75232D}.Release|x64.Build.0 = Release|Any CPU
		{3EF7EA6D-6A76-4F97-A90C-230D9E75232D}.Release|x86.ActiveCfg = Release|Any CPU
		{3EF7EA6D-6A76-4F97-A90C-230D9E75232D}.Release|x86.Build.0 = Release|Any CPU
		{E8DC9498-CA6F-49FC-B9AF-F334CFA436CE}.Ad-Hoc|Any CPU.ActiveCfg = Release|Any CPU
		{E8DC9498-CA6F-49FC-B9AF-F334CFA436CE}.Ad-Hoc|Any CPU.Build.0 = Release|Any CPU
		{E8DC9498-CA6F-49FC-B9AF-F334CFA436CE}.Ad-Hoc|Any CPU.Deploy.0 = Release|Any CPU
		{E8DC9498-CA6F-49FC-B9AF-F334CFA436CE}.Ad-Hoc|ARM.ActiveCfg = Release|Any CPU
		{E8DC9498-CA6F-49FC-B9AF-F334CFA436CE}.Ad-Hoc|ARM.Build.0 = Release|Any CPU
		{E8DC9498-CA6F-49FC-B9AF-F334CFA436CE}.Ad-Hoc|ARM.Deploy.0 = Release|Any CPU
		{E8DC9498-CA6F-49FC-B9AF-F334CFA436CE}.Ad-Hoc|iPhone.ActiveCfg = Release|Any CPU
		{E8DC9498-CA6F-49FC-B9AF-F334CFA436CE}.Ad-Hoc|iPhone.Build.0 = Release|Any CPU
		{E8DC9498-CA6F-49FC-B9AF-F334CFA436CE}.Ad-Hoc|iPhone.Deploy.0 = Release|Any CPU
		{E8DC9498-CA6F-49FC-B9AF-F334CFA436CE}.Ad-Hoc|iPhoneSimulator.ActiveCfg = Release|Any CPU
		{E8DC9498-CA6F-49FC-B9AF-F334CFA436CE}.Ad-Hoc|iPhoneSimulator.Build.0 = Release|Any CPU
		{E8DC9498-CA6F-49FC-B9AF-F334CFA436CE}.Ad-Hoc|iPhoneSimulator.Deploy.0 = Release|Any CPU
		{E8DC9498-CA6F-49FC-B9AF-F334CFA436CE}.Ad-Hoc|x64.ActiveCfg = Release|Any CPU
		{E8DC9498-CA6F-49FC-B9AF-F334CFA436CE}.Ad-Hoc|x64.Build.0 = Release|Any CPU
		{E8DC9498-CA6F-49FC-B9AF-F334CFA436CE}.Ad-Hoc|x64.Deploy.0 = Release|Any CPU
		{E8DC9498-CA6F-49FC-B9AF-F334CFA436CE}.Ad-Hoc|x86.ActiveCfg = Release|Any CPU
		{E8DC9498-CA6F-49FC-B9AF-F334CFA436CE}.Ad-Hoc|x86.Build.0 = Release|Any CPU
		{E8DC9498-CA6F-49FC-B9AF-F334CFA436CE}.Ad-Hoc|x86.Deploy.0 = Release|Any CPU
		{E8DC9498-CA6F-49FC-B9AF-F334CFA436CE}.AppStore|Any CPU.ActiveCfg = Release|Any CPU
		{E8DC9498-CA6F-49FC-B9AF-F334CFA436CE}.AppStore|Any CPU.Build.0 = Release|Any CPU
		{E8DC9498-CA6F-49FC-B9AF-F334CFA436CE}.AppStore|Any CPU.Deploy.0 = Release|Any CPU
		{E8DC9498-CA6F-49FC-B9AF-F334CFA436CE}.AppStore|ARM.ActiveCfg = Release|Any CPU
		{E8DC9498-CA6F-49FC-B9AF-F334CFA436CE}.AppStore|ARM.Build.0 = Release|Any CPU
		{E8DC9498-CA6F-49FC-B9AF-F334CFA436CE}.AppStore|ARM.Deploy.0 = Release|Any CPU
		{E8DC9498-CA6F-49FC-B9AF-F334CFA436CE}.AppStore|iPhone.ActiveCfg = Release|Any CPU
		{E8DC9498-CA6F-49FC-B9AF-F334CFA436CE}.AppStore|iPhone.Build.0 = Release|Any CPU
		{E8DC9498-CA6F-49FC-B9AF-F334CFA436CE}.AppStore|iPhone.Deploy.0 = Release|Any CPU
		{E8DC9498-CA6F-49FC-B9AF-F334CFA436CE}.AppStore|iPhoneSimulator.ActiveCfg = Release|Any CPU
		{E8DC9498-CA6F-49FC-B9AF-F334CFA436CE}.AppStore|iPhoneSimulator.Build.0 = Release|Any CPU
		{E8DC9498-CA6F-49FC-B9AF-F334CFA436CE}.AppStore|iPhoneSimulator.Deploy.0 = Release|Any CPU
		{E8DC9498-CA6F-49FC-B9AF-F334CFA436CE}.AppStore|x64.ActiveCfg = Release|Any CPU
		{E8DC9498-CA6F-49FC-B9AF-F334CFA436CE}.AppStore|x64.Build.0 = Release|Any CPU
		{E8DC9498-CA6F-49FC-B9AF-F334CFA436CE}.AppStore|x64.Deploy.0 = Release|Any CPU
		{E8DC9498-CA6F-49FC-B9AF-F334CFA436CE}.AppStore|x86.ActiveCfg = Release|Any CPU
		{E8DC9498-CA6F-49FC-B9AF-F334CFA436CE}.AppStore|x86.Build.0 = Release|Any CPU
		{E8DC9498-CA6F-49FC-B9AF-F334CFA436CE}.AppStore|x86.Deploy.0 = Release|Any CPU
		{E8DC9498-CA6F-49FC-B9AF-F334CFA436CE}.Debug|Any CPU.ActiveCfg = Debug|Any CPU
		{E8DC9498-CA6F-49FC-B9AF-F334CFA436CE}.Debug|Any CPU.Build.0 = Debug|Any CPU
		{E8DC9498-CA6F-49FC-B9AF-F334CFA436CE}.Debug|Any CPU.Deploy.0 = Debug|Any CPU
		{E8DC9498-CA6F-49FC-B9AF-F334CFA436CE}.Debug|ARM.ActiveCfg = Debug|Any CPU
		{E8DC9498-CA6F-49FC-B9AF-F334CFA436CE}.Debug|ARM.Build.0 = Debug|Any CPU
		{E8DC9498-CA6F-49FC-B9AF-F334CFA436CE}.Debug|ARM.Deploy.0 = Debug|Any CPU
		{E8DC9498-CA6F-49FC-B9AF-F334CFA436CE}.Debug|iPhone.ActiveCfg = Debug|Any CPU
		{E8DC9498-CA6F-49FC-B9AF-F334CFA436CE}.Debug|iPhone.Build.0 = Debug|Any CPU
		{E8DC9498-CA6F-49FC-B9AF-F334CFA436CE}.Debug|iPhone.Deploy.0 = Debug|Any CPU
		{E8DC9498-CA6F-49FC-B9AF-F334CFA436CE}.Debug|iPhoneSimulator.ActiveCfg = Debug|Any CPU
		{E8DC9498-CA6F-49FC-B9AF-F334CFA436CE}.Debug|iPhoneSimulator.Build.0 = Debug|Any CPU
		{E8DC9498-CA6F-49FC-B9AF-F334CFA436CE}.Debug|iPhoneSimulator.Deploy.0 = Debug|Any CPU
		{E8DC9498-CA6F-49FC-B9AF-F334CFA436CE}.Debug|x64.ActiveCfg = Debug|Any CPU
		{E8DC9498-CA6F-49FC-B9AF-F334CFA436CE}.Debug|x64.Build.0 = Debug|Any CPU
		{E8DC9498-CA6F-49FC-B9AF-F334CFA436CE}.Debug|x64.Deploy.0 = Debug|Any CPU
		{E8DC9498-CA6F-49FC-B9AF-F334CFA436CE}.Debug|x86.ActiveCfg = Debug|Any CPU
		{E8DC9498-CA6F-49FC-B9AF-F334CFA436CE}.Debug|x86.Build.0 = Debug|Any CPU
		{E8DC9498-CA6F-49FC-B9AF-F334CFA436CE}.Debug|x86.Deploy.0 = Debug|Any CPU
		{E8DC9498-CA6F-49FC-B9AF-F334CFA436CE}.Release|Any CPU.ActiveCfg = Release|Any CPU
		{E8DC9498-CA6F-49FC-B9AF-F334CFA436CE}.Release|Any CPU.Build.0 = Release|Any CPU
		{E8DC9498-CA6F-49FC-B9AF-F334CFA436CE}.Release|Any CPU.Deploy.0 = Release|Any CPU
		{E8DC9498-CA6F-49FC-B9AF-F334CFA436CE}.Release|ARM.ActiveCfg = Release|Any CPU
		{E8DC9498-CA6F-49FC-B9AF-F334CFA436CE}.Release|ARM.Build.0 = Release|Any CPU
		{E8DC9498-CA6F-49FC-B9AF-F334CFA436CE}.Release|ARM.Deploy.0 = Release|Any CPU
		{E8DC9498-CA6F-49FC-B9AF-F334CFA436CE}.Release|iPhone.ActiveCfg = Release|Any CPU
		{E8DC9498-CA6F-49FC-B9AF-F334CFA436CE}.Release|iPhone.Build.0 = Release|Any CPU
		{E8DC9498-CA6F-49FC-B9AF-F334CFA436CE}.Release|iPhone.Deploy.0 = Release|Any CPU
		{E8DC9498-CA6F-49FC-B9AF-F334CFA436CE}.Release|iPhoneSimulator.ActiveCfg = Release|Any CPU
		{E8DC9498-CA6F-49FC-B9AF-F334CFA436CE}.Release|iPhoneSimulator.Build.0 = Release|Any CPU
		{E8DC9498-CA6F-49FC-B9AF-F334CFA436CE}.Release|iPhoneSimulator.Deploy.0 = Release|Any CPU
		{E8DC9498-CA6F-49FC-B9AF-F334CFA436CE}.Release|x64.ActiveCfg = Release|Any CPU
		{E8DC9498-CA6F-49FC-B9AF-F334CFA436CE}.Release|x64.Build.0 = Release|Any CPU
		{E8DC9498-CA6F-49FC-B9AF-F334CFA436CE}.Release|x64.Deploy.0 = Release|Any CPU
		{E8DC9498-CA6F-49FC-B9AF-F334CFA436CE}.Release|x86.ActiveCfg = Release|Any CPU
		{E8DC9498-CA6F-49FC-B9AF-F334CFA436CE}.Release|x86.Build.0 = Release|Any CPU
		{E8DC9498-CA6F-49FC-B9AF-F334CFA436CE}.Release|x86.Deploy.0 = Release|Any CPU
		{56AB1796-9F75-48F7-A2A0-685C03943FB4}.Ad-Hoc|Any CPU.ActiveCfg = Ad-Hoc|iPhone
		{56AB1796-9F75-48F7-A2A0-685C03943FB4}.Ad-Hoc|ARM.ActiveCfg = Ad-Hoc|iPhone
		{56AB1796-9F75-48F7-A2A0-685C03943FB4}.Ad-Hoc|iPhone.ActiveCfg = Ad-Hoc|iPhone
		{56AB1796-9F75-48F7-A2A0-685C03943FB4}.Ad-Hoc|iPhone.Build.0 = Ad-Hoc|iPhone
		{56AB1796-9F75-48F7-A2A0-685C03943FB4}.Ad-Hoc|iPhoneSimulator.ActiveCfg = Ad-Hoc|iPhoneSimulator
		{56AB1796-9F75-48F7-A2A0-685C03943FB4}.Ad-Hoc|iPhoneSimulator.Build.0 = Ad-Hoc|iPhoneSimulator
		{56AB1796-9F75-48F7-A2A0-685C03943FB4}.Ad-Hoc|x64.ActiveCfg = Ad-Hoc|iPhone
		{56AB1796-9F75-48F7-A2A0-685C03943FB4}.Ad-Hoc|x86.ActiveCfg = Ad-Hoc|iPhone
		{56AB1796-9F75-48F7-A2A0-685C03943FB4}.AppStore|Any CPU.ActiveCfg = AppStore|iPhone
		{56AB1796-9F75-48F7-A2A0-685C03943FB4}.AppStore|ARM.ActiveCfg = AppStore|iPhone
		{56AB1796-9F75-48F7-A2A0-685C03943FB4}.AppStore|iPhone.ActiveCfg = AppStore|iPhone
		{56AB1796-9F75-48F7-A2A0-685C03943FB4}.AppStore|iPhone.Build.0 = AppStore|iPhone
		{56AB1796-9F75-48F7-A2A0-685C03943FB4}.AppStore|iPhoneSimulator.ActiveCfg = AppStore|iPhoneSimulator
		{56AB1796-9F75-48F7-A2A0-685C03943FB4}.AppStore|iPhoneSimulator.Build.0 = AppStore|iPhoneSimulator
		{56AB1796-9F75-48F7-A2A0-685C03943FB4}.AppStore|x64.ActiveCfg = AppStore|iPhone
		{56AB1796-9F75-48F7-A2A0-685C03943FB4}.AppStore|x86.ActiveCfg = AppStore|iPhone
		{56AB1796-9F75-48F7-A2A0-685C03943FB4}.Debug|Any CPU.ActiveCfg = Debug|iPhone
		{56AB1796-9F75-48F7-A2A0-685C03943FB4}.Debug|ARM.ActiveCfg = Debug|iPhone
		{56AB1796-9F75-48F7-A2A0-685C03943FB4}.Debug|iPhone.ActiveCfg = Debug|iPhone
		{56AB1796-9F75-48F7-A2A0-685C03943FB4}.Debug|iPhone.Build.0 = Debug|iPhone
		{56AB1796-9F75-48F7-A2A0-685C03943FB4}.Debug|iPhoneSimulator.ActiveCfg = Debug|iPhoneSimulator
		{56AB1796-9F75-48F7-A2A0-685C03943FB4}.Debug|iPhoneSimulator.Build.0 = Debug|iPhoneSimulator
		{56AB1796-9F75-48F7-A2A0-685C03943FB4}.Debug|x64.ActiveCfg = Debug|iPhone
		{56AB1796-9F75-48F7-A2A0-685C03943FB4}.Debug|x86.ActiveCfg = Debug|iPhone
		{56AB1796-9F75-48F7-A2A0-685C03943FB4}.Release|Any CPU.ActiveCfg = Release|iPhone
		{56AB1796-9F75-48F7-A2A0-685C03943FB4}.Release|ARM.ActiveCfg = Release|iPhone
		{56AB1796-9F75-48F7-A2A0-685C03943FB4}.Release|iPhone.ActiveCfg = Release|iPhone
		{56AB1796-9F75-48F7-A2A0-685C03943FB4}.Release|iPhone.Build.0 = Release|iPhone
		{56AB1796-9F75-48F7-A2A0-685C03943FB4}.Release|iPhoneSimulator.ActiveCfg = Release|iPhoneSimulator
		{56AB1796-9F75-48F7-A2A0-685C03943FB4}.Release|iPhoneSimulator.Build.0 = Release|iPhoneSimulator
		{56AB1796-9F75-48F7-A2A0-685C03943FB4}.Release|x64.ActiveCfg = Release|iPhone
		{56AB1796-9F75-48F7-A2A0-685C03943FB4}.Release|x86.ActiveCfg = Release|iPhone
		{5ED339E4-7473-42A1-A503-9BB826B63165}.Ad-Hoc|Any CPU.ActiveCfg = Release|Any CPU
		{5ED339E4-7473-42A1-A503-9BB826B63165}.Ad-Hoc|Any CPU.Build.0 = Release|Any CPU
		{5ED339E4-7473-42A1-A503-9BB826B63165}.Ad-Hoc|Any CPU.Deploy.0 = Release|Any CPU
		{5ED339E4-7473-42A1-A503-9BB826B63165}.Ad-Hoc|ARM.ActiveCfg = Release|ARM
		{5ED339E4-7473-42A1-A503-9BB826B63165}.Ad-Hoc|ARM.Build.0 = Release|ARM
		{5ED339E4-7473-42A1-A503-9BB826B63165}.Ad-Hoc|ARM.Deploy.0 = Release|ARM
		{5ED339E4-7473-42A1-A503-9BB826B63165}.Ad-Hoc|iPhone.ActiveCfg = Release|Any CPU
		{5ED339E4-7473-42A1-A503-9BB826B63165}.Ad-Hoc|iPhone.Build.0 = Release|Any CPU
		{5ED339E4-7473-42A1-A503-9BB826B63165}.Ad-Hoc|iPhone.Deploy.0 = Release|Any CPU
		{5ED339E4-7473-42A1-A503-9BB826B63165}.Ad-Hoc|iPhoneSimulator.ActiveCfg = Release|Any CPU
		{5ED339E4-7473-42A1-A503-9BB826B63165}.Ad-Hoc|iPhoneSimulator.Build.0 = Release|Any CPU
		{5ED339E4-7473-42A1-A503-9BB826B63165}.Ad-Hoc|iPhoneSimulator.Deploy.0 = Release|Any CPU
		{5ED339E4-7473-42A1-A503-9BB826B63165}.Ad-Hoc|x64.ActiveCfg = Release|Any CPU
		{5ED339E4-7473-42A1-A503-9BB826B63165}.Ad-Hoc|x64.Build.0 = Release|Any CPU
		{5ED339E4-7473-42A1-A503-9BB826B63165}.Ad-Hoc|x64.Deploy.0 = Release|Any CPU
		{5ED339E4-7473-42A1-A503-9BB826B63165}.Ad-Hoc|x86.ActiveCfg = Release|x86
		{5ED339E4-7473-42A1-A503-9BB826B63165}.Ad-Hoc|x86.Build.0 = Release|x86
		{5ED339E4-7473-42A1-A503-9BB826B63165}.Ad-Hoc|x86.Deploy.0 = Release|x86
		{5ED339E4-7473-42A1-A503-9BB826B63165}.AppStore|Any CPU.ActiveCfg = Release|Any CPU
		{5ED339E4-7473-42A1-A503-9BB826B63165}.AppStore|Any CPU.Build.0 = Release|Any CPU
		{5ED339E4-7473-42A1-A503-9BB826B63165}.AppStore|Any CPU.Deploy.0 = Release|Any CPU
		{5ED339E4-7473-42A1-A503-9BB826B63165}.AppStore|ARM.ActiveCfg = Release|ARM
		{5ED339E4-7473-42A1-A503-9BB826B63165}.AppStore|ARM.Build.0 = Release|ARM
		{5ED339E4-7473-42A1-A503-9BB826B63165}.AppStore|ARM.Deploy.0 = Release|ARM
		{5ED339E4-7473-42A1-A503-9BB826B63165}.AppStore|iPhone.ActiveCfg = Release|Any CPU
		{5ED339E4-7473-42A1-A503-9BB826B63165}.AppStore|iPhone.Build.0 = Release|Any CPU
		{5ED339E4-7473-42A1-A503-9BB826B63165}.AppStore|iPhone.Deploy.0 = Release|Any CPU
		{5ED339E4-7473-42A1-A503-9BB826B63165}.AppStore|iPhoneSimulator.ActiveCfg = Release|Any CPU
		{5ED339E4-7473-42A1-A503-9BB826B63165}.AppStore|iPhoneSimulator.Build.0 = Release|Any CPU
		{5ED339E4-7473-42A1-A503-9BB826B63165}.AppStore|iPhoneSimulator.Deploy.0 = Release|Any CPU
		{5ED339E4-7473-42A1-A503-9BB826B63165}.AppStore|x64.ActiveCfg = Release|Any CPU
		{5ED339E4-7473-42A1-A503-9BB826B63165}.AppStore|x64.Build.0 = Release|Any CPU
		{5ED339E4-7473-42A1-A503-9BB826B63165}.AppStore|x64.Deploy.0 = Release|Any CPU
		{5ED339E4-7473-42A1-A503-9BB826B63165}.AppStore|x86.ActiveCfg = Release|x86
		{5ED339E4-7473-42A1-A503-9BB826B63165}.AppStore|x86.Build.0 = Release|x86
		{5ED339E4-7473-42A1-A503-9BB826B63165}.AppStore|x86.Deploy.0 = Release|x86
		{5ED339E4-7473-42A1-A503-9BB826B63165}.Debug|Any CPU.ActiveCfg = Debug|Any CPU
		{5ED339E4-7473-42A1-A503-9BB826B63165}.Debug|Any CPU.Build.0 = Debug|Any CPU
		{5ED339E4-7473-42A1-A503-9BB826B63165}.Debug|Any CPU.Deploy.0 = Debug|Any CPU
		{5ED339E4-7473-42A1-A503-9BB826B63165}.Debug|ARM.ActiveCfg = Debug|ARM
		{5ED339E4-7473-42A1-A503-9BB826B63165}.Debug|ARM.Build.0 = Debug|ARM
		{5ED339E4-7473-42A1-A503-9BB826B63165}.Debug|ARM.Deploy.0 = Debug|ARM
		{5ED339E4-7473-42A1-A503-9BB826B63165}.Debug|iPhone.ActiveCfg = Debug|Any CPU
		{5ED339E4-7473-42A1-A503-9BB826B63165}.Debug|iPhone.Build.0 = Debug|Any CPU
		{5ED339E4-7473-42A1-A503-9BB826B63165}.Debug|iPhone.Deploy.0 = Debug|Any CPU
		{5ED339E4-7473-42A1-A503-9BB826B63165}.Debug|iPhoneSimulator.ActiveCfg = Debug|Any CPU
		{5ED339E4-7473-42A1-A503-9BB826B63165}.Debug|iPhoneSimulator.Build.0 = Debug|Any CPU
		{5ED339E4-7473-42A1-A503-9BB826B63165}.Debug|iPhoneSimulator.Deploy.0 = Debug|Any CPU
		{5ED339E4-7473-42A1-A503-9BB826B63165}.Debug|x64.ActiveCfg = Debug|Any CPU
		{5ED339E4-7473-42A1-A503-9BB826B63165}.Debug|x64.Build.0 = Debug|Any CPU
		{5ED339E4-7473-42A1-A503-9BB826B63165}.Debug|x64.Deploy.0 = Debug|Any CPU
		{5ED339E4-7473-42A1-A503-9BB826B63165}.Debug|x86.ActiveCfg = Debug|x86
		{5ED339E4-7473-42A1-A503-9BB826B63165}.Debug|x86.Build.0 = Debug|x86
		{5ED339E4-7473-42A1-A503-9BB826B63165}.Debug|x86.Deploy.0 = Debug|x86
		{5ED339E4-7473-42A1-A503-9BB826B63165}.Release|Any CPU.ActiveCfg = Release|Any CPU
		{5ED339E4-7473-42A1-A503-9BB826B63165}.Release|Any CPU.Build.0 = Release|Any CPU
		{5ED339E4-7473-42A1-A503-9BB826B63165}.Release|Any CPU.Deploy.0 = Release|Any CPU
		{5ED339E4-7473-42A1-A503-9BB826B63165}.Release|ARM.ActiveCfg = Release|ARM
		{5ED339E4-7473-42A1-A503-9BB826B63165}.Release|ARM.Build.0 = Release|ARM
		{5ED339E4-7473-42A1-A503-9BB826B63165}.Release|ARM.Deploy.0 = Release|ARM
		{5ED339E4-7473-42A1-A503-9BB826B63165}.Release|iPhone.ActiveCfg = Release|Any CPU
		{5ED339E4-7473-42A1-A503-9BB826B63165}.Release|iPhone.Build.0 = Release|Any CPU
		{5ED339E4-7473-42A1-A503-9BB826B63165}.Release|iPhone.Deploy.0 = Release|Any CPU
		{5ED339E4-7473-42A1-A503-9BB826B63165}.Release|iPhoneSimulator.ActiveCfg = Release|Any CPU
		{5ED339E4-7473-42A1-A503-9BB826B63165}.Release|iPhoneSimulator.Build.0 = Release|Any CPU
		{5ED339E4-7473-42A1-A503-9BB826B63165}.Release|iPhoneSimulator.Deploy.0 = Release|Any CPU
		{5ED339E4-7473-42A1-A503-9BB826B63165}.Release|x64.ActiveCfg = Release|Any CPU
		{5ED339E4-7473-42A1-A503-9BB826B63165}.Release|x64.Build.0 = Release|Any CPU
		{5ED339E4-7473-42A1-A503-9BB826B63165}.Release|x64.Deploy.0 = Release|Any CPU
		{5ED339E4-7473-42A1-A503-9BB826B63165}.Release|x86.ActiveCfg = Release|x86
		{5ED339E4-7473-42A1-A503-9BB826B63165}.Release|x86.Build.0 = Release|x86
		{5ED339E4-7473-42A1-A503-9BB826B63165}.Release|x86.Deploy.0 = Release|x86
		{DE98D615-C328-4AB2-BFF3-B41AC8FFDEF3}.Ad-Hoc|Any CPU.ActiveCfg = Release|x86
		{DE98D615-C328-4AB2-BFF3-B41AC8FFDEF3}.Ad-Hoc|Any CPU.Build.0 = Release|x86
		{DE98D615-C328-4AB2-BFF3-B41AC8FFDEF3}.Ad-Hoc|Any CPU.Deploy.0 = Release|x86
		{DE98D615-C328-4AB2-BFF3-B41AC8FFDEF3}.Ad-Hoc|ARM.ActiveCfg = Release|ARM
		{DE98D615-C328-4AB2-BFF3-B41AC8FFDEF3}.Ad-Hoc|ARM.Build.0 = Release|ARM
		{DE98D615-C328-4AB2-BFF3-B41AC8FFDEF3}.Ad-Hoc|ARM.Deploy.0 = Release|ARM
		{DE98D615-C328-4AB2-BFF3-B41AC8FFDEF3}.Ad-Hoc|iPhone.ActiveCfg = Release|x86
		{DE98D615-C328-4AB2-BFF3-B41AC8FFDEF3}.Ad-Hoc|iPhone.Build.0 = Release|x86
		{DE98D615-C328-4AB2-BFF3-B41AC8FFDEF3}.Ad-Hoc|iPhone.Deploy.0 = Release|x86
		{DE98D615-C328-4AB2-BFF3-B41AC8FFDEF3}.Ad-Hoc|iPhoneSimulator.ActiveCfg = Release|x86
		{DE98D615-C328-4AB2-BFF3-B41AC8FFDEF3}.Ad-Hoc|iPhoneSimulator.Build.0 = Release|x86
		{DE98D615-C328-4AB2-BFF3-B41AC8FFDEF3}.Ad-Hoc|iPhoneSimulator.Deploy.0 = Release|x86
		{DE98D615-C328-4AB2-BFF3-B41AC8FFDEF3}.Ad-Hoc|x64.ActiveCfg = Release|x64
		{DE98D615-C328-4AB2-BFF3-B41AC8FFDEF3}.Ad-Hoc|x64.Build.0 = Release|x64
		{DE98D615-C328-4AB2-BFF3-B41AC8FFDEF3}.Ad-Hoc|x64.Deploy.0 = Release|x64
		{DE98D615-C328-4AB2-BFF3-B41AC8FFDEF3}.Ad-Hoc|x86.ActiveCfg = Release|x86
		{DE98D615-C328-4AB2-BFF3-B41AC8FFDEF3}.Ad-Hoc|x86.Build.0 = Release|x86
		{DE98D615-C328-4AB2-BFF3-B41AC8FFDEF3}.Ad-Hoc|x86.Deploy.0 = Release|x86
		{DE98D615-C328-4AB2-BFF3-B41AC8FFDEF3}.AppStore|Any CPU.ActiveCfg = Release|x86
		{DE98D615-C328-4AB2-BFF3-B41AC8FFDEF3}.AppStore|Any CPU.Build.0 = Release|x86
		{DE98D615-C328-4AB2-BFF3-B41AC8FFDEF3}.AppStore|Any CPU.Deploy.0 = Release|x86
		{DE98D615-C328-4AB2-BFF3-B41AC8FFDEF3}.AppStore|ARM.ActiveCfg = Release|ARM
		{DE98D615-C328-4AB2-BFF3-B41AC8FFDEF3}.AppStore|ARM.Build.0 = Release|ARM
		{DE98D615-C328-4AB2-BFF3-B41AC8FFDEF3}.AppStore|ARM.Deploy.0 = Release|ARM
		{DE98D615-C328-4AB2-BFF3-B41AC8FFDEF3}.AppStore|iPhone.ActiveCfg = Release|x86
		{DE98D615-C328-4AB2-BFF3-B41AC8FFDEF3}.AppStore|iPhone.Build.0 = Release|x86
		{DE98D615-C328-4AB2-BFF3-B41AC8FFDEF3}.AppStore|iPhone.Deploy.0 = Release|x86
		{DE98D615-C328-4AB2-BFF3-B41AC8FFDEF3}.AppStore|iPhoneSimulator.ActiveCfg = Release|x86
		{DE98D615-C328-4AB2-BFF3-B41AC8FFDEF3}.AppStore|iPhoneSimulator.Build.0 = Release|x86
		{DE98D615-C328-4AB2-BFF3-B41AC8FFDEF3}.AppStore|iPhoneSimulator.Deploy.0 = Release|x86
		{DE98D615-C328-4AB2-BFF3-B41AC8FFDEF3}.AppStore|x64.ActiveCfg = Release|x64
		{DE98D615-C328-4AB2-BFF3-B41AC8FFDEF3}.AppStore|x64.Build.0 = Release|x64
		{DE98D615-C328-4AB2-BFF3-B41AC8FFDEF3}.AppStore|x64.Deploy.0 = Release|x64
		{DE98D615-C328-4AB2-BFF3-B41AC8FFDEF3}.AppStore|x86.ActiveCfg = Release|x86
		{DE98D615-C328-4AB2-BFF3-B41AC8FFDEF3}.AppStore|x86.Build.0 = Release|x86
		{DE98D615-C328-4AB2-BFF3-B41AC8FFDEF3}.AppStore|x86.Deploy.0 = Release|x86
		{DE98D615-C328-4AB2-BFF3-B41AC8FFDEF3}.Debug|Any CPU.ActiveCfg = Debug|x86
		{DE98D615-C328-4AB2-BFF3-B41AC8FFDEF3}.Debug|ARM.ActiveCfg = Debug|ARM
		{DE98D615-C328-4AB2-BFF3-B41AC8FFDEF3}.Debug|ARM.Build.0 = Debug|ARM
		{DE98D615-C328-4AB2-BFF3-B41AC8FFDEF3}.Debug|ARM.Deploy.0 = Debug|ARM
		{DE98D615-C328-4AB2-BFF3-B41AC8FFDEF3}.Debug|iPhone.ActiveCfg = Debug|x86
		{DE98D615-C328-4AB2-BFF3-B41AC8FFDEF3}.Debug|iPhone.Build.0 = Debug|x86
		{DE98D615-C328-4AB2-BFF3-B41AC8FFDEF3}.Debug|iPhone.Deploy.0 = Debug|x86
		{DE98D615-C328-4AB2-BFF3-B41AC8FFDEF3}.Debug|iPhoneSimulator.ActiveCfg = Debug|x86
		{DE98D615-C328-4AB2-BFF3-B41AC8FFDEF3}.Debug|x64.ActiveCfg = Debug|x64
		{DE98D615-C328-4AB2-BFF3-B41AC8FFDEF3}.Debug|x64.Build.0 = Debug|x64
		{DE98D615-C328-4AB2-BFF3-B41AC8FFDEF3}.Debug|x64.Deploy.0 = Debug|x64
		{DE98D615-C328-4AB2-BFF3-B41AC8FFDEF3}.Debug|x86.ActiveCfg = Debug|x86
		{DE98D615-C328-4AB2-BFF3-B41AC8FFDEF3}.Debug|x86.Build.0 = Debug|x86
		{DE98D615-C328-4AB2-BFF3-B41AC8FFDEF3}.Debug|x86.Deploy.0 = Debug|x86
		{DE98D615-C328-4AB2-BFF3-B41AC8FFDEF3}.Release|Any CPU.ActiveCfg = Release|x86
		{DE98D615-C328-4AB2-BFF3-B41AC8FFDEF3}.Release|ARM.ActiveCfg = Release|ARM
		{DE98D615-C328-4AB2-BFF3-B41AC8FFDEF3}.Release|ARM.Build.0 = Release|ARM
		{DE98D615-C328-4AB2-BFF3-B41AC8FFDEF3}.Release|ARM.Deploy.0 = Release|ARM
		{DE98D615-C328-4AB2-BFF3-B41AC8FFDEF3}.Release|iPhone.ActiveCfg = Release|x86
		{DE98D615-C328-4AB2-BFF3-B41AC8FFDEF3}.Release|iPhoneSimulator.ActiveCfg = Release|x86
		{DE98D615-C328-4AB2-BFF3-B41AC8FFDEF3}.Release|x64.ActiveCfg = Release|x64
		{DE98D615-C328-4AB2-BFF3-B41AC8FFDEF3}.Release|x64.Build.0 = Release|x64
		{DE98D615-C328-4AB2-BFF3-B41AC8FFDEF3}.Release|x64.Deploy.0 = Release|x64
		{DE98D615-C328-4AB2-BFF3-B41AC8FFDEF3}.Release|x86.ActiveCfg = Release|x86
		{DE98D615-C328-4AB2-BFF3-B41AC8FFDEF3}.Release|x86.Build.0 = Release|x86
		{DE98D615-C328-4AB2-BFF3-B41AC8FFDEF3}.Release|x86.Deploy.0 = Release|x86
		{89FAB3A5-5007-4081-9166-6020AAE631D1}.Ad-Hoc|Any CPU.ActiveCfg = Release|Any CPU
		{89FAB3A5-5007-4081-9166-6020AAE631D1}.Ad-Hoc|Any CPU.Build.0 = Release|Any CPU
		{89FAB3A5-5007-4081-9166-6020AAE631D1}.Ad-Hoc|Any CPU.Deploy.0 = Release|Any CPU
		{89FAB3A5-5007-4081-9166-6020AAE631D1}.Ad-Hoc|ARM.ActiveCfg = Release|ARM
		{89FAB3A5-5007-4081-9166-6020AAE631D1}.Ad-Hoc|ARM.Build.0 = Release|ARM
		{89FAB3A5-5007-4081-9166-6020AAE631D1}.Ad-Hoc|ARM.Deploy.0 = Release|ARM
		{89FAB3A5-5007-4081-9166-6020AAE631D1}.Ad-Hoc|iPhone.ActiveCfg = Release|Any CPU
		{89FAB3A5-5007-4081-9166-6020AAE631D1}.Ad-Hoc|iPhone.Build.0 = Release|Any CPU
		{89FAB3A5-5007-4081-9166-6020AAE631D1}.Ad-Hoc|iPhone.Deploy.0 = Release|Any CPU
		{89FAB3A5-5007-4081-9166-6020AAE631D1}.Ad-Hoc|iPhoneSimulator.ActiveCfg = Release|Any CPU
		{89FAB3A5-5007-4081-9166-6020AAE631D1}.Ad-Hoc|iPhoneSimulator.Build.0 = Release|Any CPU
		{89FAB3A5-5007-4081-9166-6020AAE631D1}.Ad-Hoc|iPhoneSimulator.Deploy.0 = Release|Any CPU
		{89FAB3A5-5007-4081-9166-6020AAE631D1}.Ad-Hoc|x64.ActiveCfg = Release|x64
		{89FAB3A5-5007-4081-9166-6020AAE631D1}.Ad-Hoc|x64.Build.0 = Release|x64
		{89FAB3A5-5007-4081-9166-6020AAE631D1}.Ad-Hoc|x64.Deploy.0 = Release|x64
		{89FAB3A5-5007-4081-9166-6020AAE631D1}.Ad-Hoc|x86.ActiveCfg = Release|x86
		{89FAB3A5-5007-4081-9166-6020AAE631D1}.Ad-Hoc|x86.Build.0 = Release|x86
		{89FAB3A5-5007-4081-9166-6020AAE631D1}.Ad-Hoc|x86.Deploy.0 = Release|x86
		{89FAB3A5-5007-4081-9166-6020AAE631D1}.AppStore|Any CPU.ActiveCfg = Release|Any CPU
		{89FAB3A5-5007-4081-9166-6020AAE631D1}.AppStore|Any CPU.Build.0 = Release|Any CPU
		{89FAB3A5-5007-4081-9166-6020AAE631D1}.AppStore|Any CPU.Deploy.0 = Release|Any CPU
		{89FAB3A5-5007-4081-9166-6020AAE631D1}.AppStore|ARM.ActiveCfg = Release|ARM
		{89FAB3A5-5007-4081-9166-6020AAE631D1}.AppStore|ARM.Build.0 = Release|ARM
		{89FAB3A5-5007-4081-9166-6020AAE631D1}.AppStore|ARM.Deploy.0 = Release|ARM
		{89FAB3A5-5007-4081-9166-6020AAE631D1}.AppStore|iPhone.ActiveCfg = Release|Any CPU
		{89FAB3A5-5007-4081-9166-6020AAE631D1}.AppStore|iPhone.Build.0 = Release|Any CPU
		{89FAB3A5-5007-4081-9166-6020AAE631D1}.AppStore|iPhone.Deploy.0 = Release|Any CPU
		{89FAB3A5-5007-4081-9166-6020AAE631D1}.AppStore|iPhoneSimulator.ActiveCfg = Release|Any CPU
		{89FAB3A5-5007-4081-9166-6020AAE631D1}.AppStore|iPhoneSimulator.Build.0 = Release|Any CPU
		{89FAB3A5-5007-4081-9166-6020AAE631D1}.AppStore|iPhoneSimulator.Deploy.0 = Release|Any CPU
		{89FAB3A5-5007-4081-9166-6020AAE631D1}.AppStore|x64.ActiveCfg = Release|x64
		{89FAB3A5-5007-4081-9166-6020AAE631D1}.AppStore|x64.Build.0 = Release|x64
		{89FAB3A5-5007-4081-9166-6020AAE631D1}.AppStore|x64.Deploy.0 = Release|x64
		{89FAB3A5-5007-4081-9166-6020AAE631D1}.AppStore|x86.ActiveCfg = Release|x86
		{89FAB3A5-5007-4081-9166-6020AAE631D1}.AppStore|x86.Build.0 = Release|x86
		{89FAB3A5-5007-4081-9166-6020AAE631D1}.AppStore|x86.Deploy.0 = Release|x86
		{89FAB3A5-5007-4081-9166-6020AAE631D1}.Debug|Any CPU.ActiveCfg = Debug|Any CPU
		{89FAB3A5-5007-4081-9166-6020AAE631D1}.Debug|Any CPU.Build.0 = Debug|Any CPU
		{89FAB3A5-5007-4081-9166-6020AAE631D1}.Debug|Any CPU.Deploy.0 = Debug|Any CPU
		{89FAB3A5-5007-4081-9166-6020AAE631D1}.Debug|ARM.ActiveCfg = Debug|ARM
		{89FAB3A5-5007-4081-9166-6020AAE631D1}.Debug|ARM.Build.0 = Debug|ARM
		{89FAB3A5-5007-4081-9166-6020AAE631D1}.Debug|ARM.Deploy.0 = Debug|ARM
		{89FAB3A5-5007-4081-9166-6020AAE631D1}.Debug|iPhone.ActiveCfg = Debug|Any CPU
		{89FAB3A5-5007-4081-9166-6020AAE631D1}.Debug|iPhone.Build.0 = Debug|Any CPU
		{89FAB3A5-5007-4081-9166-6020AAE631D1}.Debug|iPhone.Deploy.0 = Debug|Any CPU
		{89FAB3A5-5007-4081-9166-6020AAE631D1}.Debug|iPhoneSimulator.ActiveCfg = Debug|Any CPU
		{89FAB3A5-5007-4081-9166-6020AAE631D1}.Debug|iPhoneSimulator.Build.0 = Debug|Any CPU
		{89FAB3A5-5007-4081-9166-6020AAE631D1}.Debug|iPhoneSimulator.Deploy.0 = Debug|Any CPU
		{89FAB3A5-5007-4081-9166-6020AAE631D1}.Debug|x64.ActiveCfg = Debug|x64
		{89FAB3A5-5007-4081-9166-6020AAE631D1}.Debug|x64.Build.0 = Debug|x64
		{89FAB3A5-5007-4081-9166-6020AAE631D1}.Debug|x64.Deploy.0 = Debug|x64
		{89FAB3A5-5007-4081-9166-6020AAE631D1}.Debug|x86.ActiveCfg = Debug|x86
		{89FAB3A5-5007-4081-9166-6020AAE631D1}.Debug|x86.Build.0 = Debug|x86
		{89FAB3A5-5007-4081-9166-6020AAE631D1}.Debug|x86.Deploy.0 = Debug|x86
		{89FAB3A5-5007-4081-9166-6020AAE631D1}.Release|Any CPU.ActiveCfg = Release|Any CPU
		{89FAB3A5-5007-4081-9166-6020AAE631D1}.Release|Any CPU.Build.0 = Release|Any CPU
		{89FAB3A5-5007-4081-9166-6020AAE631D1}.Release|Any CPU.Deploy.0 = Release|Any CPU
		{89FAB3A5-5007-4081-9166-6020AAE631D1}.Release|ARM.ActiveCfg = Release|ARM
		{89FAB3A5-5007-4081-9166-6020AAE631D1}.Release|ARM.Build.0 = Release|ARM
		{89FAB3A5-5007-4081-9166-6020AAE631D1}.Release|ARM.Deploy.0 = Release|ARM
		{89FAB3A5-5007-4081-9166-6020AAE631D1}.Release|iPhone.ActiveCfg = Release|Any CPU
		{89FAB3A5-5007-4081-9166-6020AAE631D1}.Release|iPhone.Build.0 = Release|Any CPU
		{89FAB3A5-5007-4081-9166-6020AAE631D1}.Release|iPhone.Deploy.0 = Release|Any CPU
		{89FAB3A5-5007-4081-9166-6020AAE631D1}.Release|iPhoneSimulator.ActiveCfg = Release|Any CPU
		{89FAB3A5-5007-4081-9166-6020AAE631D1}.Release|iPhoneSimulator.Build.0 = Release|Any CPU
		{89FAB3A5-5007-4081-9166-6020AAE631D1}.Release|iPhoneSimulator.Deploy.0 = Release|Any CPU
		{89FAB3A5-5007-4081-9166-6020AAE631D1}.Release|x64.ActiveCfg = Release|x64
		{89FAB3A5-5007-4081-9166-6020AAE631D1}.Release|x64.Build.0 = Release|x64
		{89FAB3A5-5007-4081-9166-6020AAE631D1}.Release|x64.Deploy.0 = Release|x64
		{89FAB3A5-5007-4081-9166-6020AAE631D1}.Release|x86.ActiveCfg = Release|x86
		{89FAB3A5-5007-4081-9166-6020AAE631D1}.Release|x86.Build.0 = Release|x86
		{89FAB3A5-5007-4081-9166-6020AAE631D1}.Release|x86.Deploy.0 = Release|x86
	EndGlobalSection
	GlobalSection(SolutionProperties) = preSolution
		HideSolutionNode = FALSE
	EndGlobalSection
EndGlobal
